
Microsoft Visual Studio Solution File, Format Version 12.00
# Visual Studio Version 17
VisualStudioVersion = 17.8.34322.80
MinimumVisualStudioVersion = 10.0.40219.1
Project("{FAE04EC0-301F-11D3-BF4B-00C04F79EFBC}") = "WorldBoxAPI", "WorldBoxAPI\WorldBoxAPI.csproj", "{CD3E6003-E874-4A92-B04E-DBBCA096159B}"
EndProject
Global
	GlobalSection(SolutionConfigurationPlatforms) = preSolution
		Debug|Any CPU = Debug|Any CPU
		Release|Any CPU = Release|Any CPU
	EndGlobalSection
	GlobalSection(ProjectConfigurationPlatforms) = postSolution
		{CD3E6003-E874-4A92-B04E-DBBCA096159B}.Debug|Any CPU.ActiveCfg = Debug|Any CPU
		{CD3E6003-E874-4A92-B04E-DBBCA096159B}.Debug|Any CPU.Build.0 = Debug|Any CPU
		{CD3E6003-E874-4A92-B04E-DBBCA096159B}.Release|Any CPU.ActiveCfg = Release|Any CPU
		{CD3E6003-E874-4A92-B04E-DBBCA096159B}.Release|Any CPU.Build.0 = Release|Any CPU
	EndGlobalSection
	GlobalSection(SolutionProperties) = preSolution
		HideSolutionNode = FALSE
	EndGlobalSection
	GlobalSection(ExtensibilityGlobals) = postSolution
		SolutionGuid = {062BAE4C-A4C0-4198-BAED-D3E7A334B3E6}
	EndGlobalSection
EndGlobal
